{
  "name": "Data4Pakistan_SlopeGraphs",
  "version": "1.0.0",
  "lockfileVersion": 1,
  "requires": true,
  "dependencies": {
    "labella": {
      "version": "1.1.4",
      "resolved": "https://registry.npmjs.org/labella/-/labella-1.1.4.tgz",
      "integrity": "sha1-xsxaNA6N80DrM1YzaD6lm4KMMi0="
    }
  }
}
